
Microsoft Visual Studio Solution File, Format Version 12.00
# Visual Studio Version 17
VisualStudioVersion = 17.7.34031.279
MinimumVisualStudioVersion = 10.0.40219.1
Project("{FAE04EC0-301F-11D3-BF4B-00C04F79EFBC}") = "HW__3_Solution", "HW__3_Solution.csproj", "{D7359A59-04B9-41A8-85E9-F1AFADCC3FE6}"
EndProject
Global
	GlobalSection(SolutionConfigurationPlatforms) = preSolution
		Debug|Any CPU = Debug|Any CPU
		Release|Any CPU = Release|Any CPU
	EndGlobalSection
	GlobalSection(ProjectConfigurationPlatforms) = postSolution
		{D7359A59-04B9-41A8-85E9-F1AFADCC3FE6}.Debug|Any CPU.ActiveCfg = Debug|Any CPU
		{D7359A59-04B9-41A8-85E9-F1AFADCC3FE6}.Debug|Any CPU.Build.0 = Debug|Any CPU
		{D7359A59-04B9-41A8-85E9-F1AFADCC3FE6}.Release|Any CPU.ActiveCfg = Release|Any CPU
		{D7359A59-04B9-41A8-85E9-F1AFADCC3FE6}.Release|Any CPU.Build.0 = Release|Any CPU
	EndGlobalSection
	GlobalSection(SolutionProperties) = preSolution
		HideSolutionNode = FALSE
	EndGlobalSection
	GlobalSection(ExtensibilityGlobals) = postSolution
		SolutionGuid = {1D8D434D-371A-4644-9BD8-BC35FD5BD885}
	EndGlobalSection
EndGlobal
